
Microsoft Visual Studio Solution File, Format Version 12.00
# Visual Studio Version 17
VisualStudioVersion = 17.9.34723.18
MinimumVisualStudioVersion = 10.0.40219.1
Project("{9A19103F-16F7-4668-BE54-9A1E7A4F7556}") = "Menu", "Menu\Menu.csproj", "{23B91E6C-2882-496B-8E1B-7EC7FB1C217C}"
EndProject
Global
	GlobalSection(SolutionConfigurationPlatforms) = preSolution
		Debug|Any CPU = Debug|Any CPU
		Release|Any CPU = Release|Any CPU
	EndGlobalSection
	GlobalSection(ProjectConfigurationPlatforms) = postSolution
		{23B91E6C-2882-496B-8E1B-7EC7FB1C217C}.Debug|Any CPU.ActiveCfg = Debug|Any CPU
		{23B91E6C-2882-496B-8E1B-7EC7FB1C217C}.Debug|Any CPU.Build.0 = Debug|Any CPU
		{23B91E6C-2882-496B-8E1B-7EC7FB1C217C}.Release|Any CPU.ActiveCfg = Release|Any CPU
		{23B91E6C-2882-496B-8E1B-7EC7FB1C217C}.Release|Any CPU.Build.0 = Release|Any CPU
	EndGlobalSection
	GlobalSection(SolutionProperties) = preSolution
		HideSolutionNode = FALSE
	EndGlobalSection
	GlobalSection(ExtensibilityGlobals) = postSolution
		SolutionGuid = {BB025DB6-095F-49E8-8FAE-13279AD4911F}
	EndGlobalSection
EndGlobal
